
Microsoft Visual Studio Solution File, Format Version 12.00
# Visual Studio Version 17
VisualStudioVersion = 17.0.31903.59
MinimumVisualStudioVersion = 10.0.40219.1
Project("{FAE04EC0-301F-11D3-BF4B-00C04F79EFBC}") = "SistemaDeInventarioWebAPI", "SistemaDeInventarioWebAPI\SistemaDeInventarioWebAPI.csproj", "{9A1C698E-4C6F-48AA-8E45-F978E8905372}"
EndProject
Project("{FAE04EC0-301F-11D3-BF4B-00C04F79EFBC}") = "SistemaDeInventario.Domain", "SistemaDeInventario.Domain\SistemaDeInventario.Domain.csproj", "{68FCD7D6-259E-4BF7-A91E-00280A9D0AA4}"
EndProject
Project("{FAE04EC0-301F-11D3-BF4B-00C04F79EFBC}") = "SistemaDeInventario.Application", "SistemaDeInventario.Application\SistemaDeInventario.Application.csproj", "{EA1C9731-DB63-4318-AABC-3E29585865F4}"
EndProject
Project("{FAE04EC0-301F-11D3-BF4B-00C04F79EFBC}") = "SistemaDeInventario.Infrastructure", "SistemaDeInventario.Infrastructure\SistemaDeInventario.Infrastructure.csproj", "{06C5848F-EF5C-41CE-9854-B6CD1444C856}"
EndProject
Global
	GlobalSection(SolutionConfigurationPlatforms) = preSolution
		Debug|Any CPU = Debug|Any CPU
		Debug|x64 = Debug|x64
		Debug|x86 = Debug|x86
		Release|Any CPU = Release|Any CPU
		Release|x64 = Release|x64
		Release|x86 = Release|x86
	EndGlobalSection
	GlobalSection(ProjectConfigurationPlatforms) = postSolution
		{9A1C698E-4C6F-48AA-8E45-F978E8905372}.Debug|Any CPU.ActiveCfg = Debug|Any CPU
		{9A1C698E-4C6F-48AA-8E45-F978E8905372}.Debug|Any CPU.Build.0 = Debug|Any CPU
		{9A1C698E-4C6F-48AA-8E45-F978E8905372}.Debug|x64.ActiveCfg = Debug|Any CPU
		{9A1C698E-4C6F-48AA-8E45-F978E8905372}.Debug|x64.Build.0 = Debug|Any CPU
		{9A1C698E-4C6F-48AA-8E45-F978E8905372}.Debug|x86.ActiveCfg = Debug|Any CPU
		{9A1C698E-4C6F-48AA-8E45-F978E8905372}.Debug|x86.Build.0 = Debug|Any CPU
		{9A1C698E-4C6F-48AA-8E45-F978E8905372}.Release|Any CPU.ActiveCfg = Release|Any CPU
		{9A1C698E-4C6F-48AA-8E45-F978E8905372}.Release|Any CPU.Build.0 = Release|Any CPU
		{9A1C698E-4C6F-48AA-8E45-F978E8905372}.Release|x64.ActiveCfg = Release|Any CPU
		{9A1C698E-4C6F-48AA-8E45-F978E8905372}.Release|x64.Build.0 = Release|Any CPU
		{9A1C698E-4C6F-48AA-8E45-F978E8905372}.Release|x86.ActiveCfg = Release|Any CPU
		{9A1C698E-4C6F-48AA-8E45-F978E8905372}.Release|x86.Build.0 = Release|Any CPU
		{68FCD7D6-259E-4BF7-A91E-00280A9D0AA4}.Debug|Any CPU.ActiveCfg = Debug|Any CPU
		{68FCD7D6-259E-4BF7-A91E-00280A9D0AA4}.Debug|Any CPU.Build.0 = Debug|Any CPU
		{68FCD7D6-259E-4BF7-A91E-00280A9D0AA4}.Debug|x64.ActiveCfg = Debug|Any CPU
		{68FCD7D6-259E-4BF7-A91E-00280A9D0AA4}.Debug|x64.Build.0 = Debug|Any CPU
		{68FCD7D6-259E-4BF7-A91E-00280A9D0AA4}.Debug|x86.ActiveCfg = Debug|Any CPU
		{68FCD7D6-259E-4BF7-A91E-00280A9D0AA4}.Debug|x86.Build.0 = Debug|Any CPU
		{68FCD7D6-259E-4BF7-A91E-00280A9D0AA4}.Release|Any CPU.ActiveCfg = Release|Any CPU
		{68FCD7D6-259E-4BF7-A91E-00280A9D0AA4}.Release|Any CPU.Build.0 = Release|Any CPU
		{68FCD7D6-259E-4BF7-A91E-00280A9D0AA4}.Release|x64.ActiveCfg = Release|Any CPU
		{68FCD7D6-259E-4BF7-A91E-00280A9D0AA4}.Release|x64.Build.0 = Release|Any CPU
		{68FCD7D6-259E-4BF7-A91E-00280A9D0AA4}.Release|x86.ActiveCfg = Release|Any CPU
		{68FCD7D6-259E-4BF7-A91E-00280A9D0AA4}.Release|x86.Build.0 = Release|Any CPU
		{EA1C9731-DB63-4318-AABC-3E29585865F4}.Debug|Any CPU.ActiveCfg = Debug|Any CPU
		{EA1C9731-DB63-4318-AABC-3E29585865F4}.Debug|Any CPU.Build.0 = Debug|Any CPU
		{EA1C9731-DB63-4318-AABC-3E29585865F4}.Debug|x64.ActiveCfg = Debug|Any CPU
		{EA1C9731-DB63-4318-AABC-3E29585865F4}.Debug|x64.Build.0 = Debug|Any CPU
		{EA1C9731-DB63-4318-AABC-3E29585865F4}.Debug|x86.ActiveCfg = Debug|Any CPU
		{EA1C9731-DB63-4318-AABC-3E29585865F4}.Debug|x86.Build.0 = Debug|Any CPU
		{EA1C9731-DB63-4318-AABC-3E29585865F4}.Release|Any CPU.ActiveCfg = Release|Any CPU
		{EA1C9731-DB63-4318-AABC-3E29585865F4}.Release|Any CPU.Build.0 = Release|Any CPU
		{EA1C9731-DB63-4318-AABC-3E29585865F4}.Release|x64.ActiveCfg = Release|Any CPU
		{EA1C9731-DB63-4318-AABC-3E29585865F4}.Release|x64.Build.0 = Release|Any CPU
		{EA1C9731-DB63-4318-AABC-3E29585865F4}.Release|x86.ActiveCfg = Release|Any CPU
		{EA1C9731-DB63-4318-AABC-3E29585865F4}.Release|x86.Build.0 = Release|Any CPU
		{06C5848F-EF5C-41CE-9854-B6CD1444C856}.Debug|Any CPU.ActiveCfg = Debug|Any CPU
		{06C5848F-EF5C-41CE-9854-B6CD1444C856}.Debug|Any CPU.Build.0 = Debug|Any CPU
		{06C5848F-EF5C-41CE-9854-B6CD1444C856}.Debug|x64.ActiveCfg = Debug|Any CPU
		{06C5848F-EF5C-41CE-9854-B6CD1444C856}.Debug|x64.Build.0 = Debug|Any CPU
		{06C5848F-EF5C-41CE-9854-B6CD1444C856}.Debug|x86.ActiveCfg = Debug|Any CPU
		{06C5848F-EF5C-41CE-9854-B6CD1444C856}.Debug|x86.Build.0 = Debug|Any CPU
		{06C5848F-EF5C-41CE-9854-B6CD1444C856}.Release|Any CPU.ActiveCfg = Release|Any CPU
		{06C5848F-EF5C-41CE-9854-B6CD1444C856}.Release|Any CPU.Build.0 = Release|Any CPU
		{06C5848F-EF5C-41CE-9854-B6CD1444C856}.Release|x64.ActiveCfg = Release|Any CPU
		{06C5848F-EF5C-41CE-9854-B6CD1444C856}.Release|x64.Build.0 = Release|Any CPU
		{06C5848F-EF5C-41CE-9854-B6CD1444C856}.Release|x86.ActiveCfg = Release|Any CPU
		{06C5848F-EF5C-41CE-9854-B6CD1444C856}.Release|x86.Build.0 = Release|Any CPU
	EndGlobalSection
	GlobalSection(SolutionProperties) = preSolution
		HideSolutionNode = FALSE
	EndGlobalSection
EndGlobal
